
Microsoft Visual Studio Solution File, Format Version 12.00
# Visual Studio Version 17
VisualStudioVersion = 17.0.32126.317
MinimumVisualStudioVersion = 10.0.40219.1
Project("{9A19103F-16F7-4668-BE54-9A1E7A4F7556}") = "Client", "src\Web\Client\Client.csproj", "{28CD3890-6B5D-4AD8-A147-745A556F5858}"
EndProject
Project("{9A19103F-16F7-4668-BE54-9A1E7A4F7556}") = "Server", "src\Web\Server\Server.csproj", "{146B2972-6A2F-4AEA-A304-DA75536470F0}"
EndProject
Project("{9A19103F-16F7-4668-BE54-9A1E7A4F7556}") = "Shared", "src\Web\Shared\Shared.csproj", "{E2C91C9B-F5B7-4E8A-98B8-2E0F5681A7C1}"
EndProject
Project("{2150E333-8FDC-42A3-9474-1A3956D46DE8}") = "src", "src", "{7EEAEABF-EAC7-42A9-B2F2-3F91BE14EE22}"
EndProject
Project("{2150E333-8FDC-42A3-9474-1A3956D46DE8}") = "Web", "Web", "{EC87BD50-A80B-44EB-85C1-AF7FE490616B}"
EndProject
Project("{2150E333-8FDC-42A3-9474-1A3956D46DE8}") = "Core", "Core", "{28175A2F-021A-4205-98DD-6C7C558801FA}"
EndProject
Project("{2150E333-8FDC-42A3-9474-1A3956D46DE8}") = "Infrastructure", "Infrastructure", "{3DB92195-7434-44ED-B227-B9DFB46D36A8}"
EndProject
Project("{9A19103F-16F7-4668-BE54-9A1E7A4F7556}") = "Domain", "src\Core\Domain\Domain.csproj", "{C6B82726-7418-46CA-B88D-DAEC4EE0D85C}"
EndProject
Project("{9A19103F-16F7-4668-BE54-9A1E7A4F7556}") = "Application", "src\Core\Application\Application.csproj", "{4108ADC1-0D21-4FD1-AD45-96BCBFF7A6B1}"
EndProject
Project("{2150E333-8FDC-42A3-9474-1A3956D46DE8}") = "Shared", "Shared", "{000D90EC-2B4F-4345-BE3E-28868BEF3B36}"
EndProject
Project("{9A19103F-16F7-4668-BE54-9A1E7A4F7556}") = "Shared", "src\Shared\SampleBlog.Shared\Shared.csproj", "{EAAC7398-B5AB-4049-97A8-4D1F3E549803}"
EndProject
Project("{9A19103F-16F7-4668-BE54-9A1E7A4F7556}") = "Infrastructure", "src\Infrastructure\SampleBlog.Core.Infrastructure\Infrastructure.csproj", "{D4AA451D-EA43-4E28-A4F2-36DCEF024304}"
EndProject
Project("{9A19103F-16F7-4668-BE54-9A1E7A4F7556}") = "MessageBroker", "src\Infrastructure\SampleBlog.MessageBroker\MessageBroker.csproj", "{868EF7FA-F6A5-4C89-9502-0951AEA177EF}"
EndProject
Project("{9A19103F-16F7-4668-BE54-9A1E7A4F7556}") = "Identity.Authorization", "src\Infrastructure\SampleBlog.Identity.Authorization\Identity.Authorization.csproj", "{4BD5FDE2-C073-4A04-9E40-F579CD7A62EA}"
EndProject
Project("{9A19103F-16F7-4668-BE54-9A1E7A4F7556}") = "IdentityServer", "src\Infrastructure\SampleBlog.IdentityServer\IdentityServer.csproj", "{5822FF2F-58FA-4534-8CD3-E2C998040AA5}"
EndProject
Project("{9A19103F-16F7-4668-BE54-9A1E7A4F7556}") = "IdentityServer.Storage", "src\Infrastructure\SampleBlog.IdentityServer.Storage\IdentityServer.Storage.csproj", "{2271AC82-4A6E-48A7-92BA-30777CC6A729}"
EndProject
Project("{9A19103F-16F7-4668-BE54-9A1E7A4F7556}") = "IdentityServer.EntityFramework", "src\Infrastructure\SampleBlog.IdentityServer.EntityFramework\IdentityServer.EntityFramework.csproj", "{1AA67445-961E-49E8-B129-B13252626DEF}"
EndProject
Project("{9A19103F-16F7-4668-BE54-9A1E7A4F7556}") = "IdentityServer.EntityFramework.Storage", "src\Infrastructure\SampleBlog.IdentityServer.EntityFramework.Storage\IdentityServer.EntityFramework.Storage.csproj", "{BAEC7E82-E4FF-4813-B184-181F176A0BCD}"
EndProject
Project("{FAE04EC0-301F-11D3-BF4B-00C04F79EFBC}") = "IdentityServer.Core", "src\Infrastructure\SampleBlog.IdentityServer.Core\IdentityServer.Core.csproj", "{42098077-A35D-4919-8EC9-413381FA134C}"
EndProject
Global
	GlobalSection(SolutionConfigurationPlatforms) = preSolution
		Debug|Any CPU = Debug|Any CPU
		Release|Any CPU = Release|Any CPU
	EndGlobalSection
	GlobalSection(ProjectConfigurationPlatforms) = postSolution
		{28CD3890-6B5D-4AD8-A147-745A556F5858}.Debug|Any CPU.ActiveCfg = Debug|Any CPU
		{28CD3890-6B5D-4AD8-A147-745A556F5858}.Debug|Any CPU.Build.0 = Debug|Any CPU
		{28CD3890-6B5D-4AD8-A147-745A556F5858}.Release|Any CPU.ActiveCfg = Release|Any CPU
		{28CD3890-6B5D-4AD8-A147-745A556F5858}.Release|Any CPU.Build.0 = Release|Any CPU
		{146B2972-6A2F-4AEA-A304-DA75536470F0}.Debug|Any CPU.ActiveCfg = Debug|Any CPU
		{146B2972-6A2F-4AEA-A304-DA75536470F0}.Debug|Any CPU.Build.0 = Debug|Any CPU
		{146B2972-6A2F-4AEA-A304-DA75536470F0}.Release|Any CPU.ActiveCfg = Release|Any CPU
		{146B2972-6A2F-4AEA-A304-DA75536470F0}.Release|Any CPU.Build.0 = Release|Any CPU
		{E2C91C9B-F5B7-4E8A-98B8-2E0F5681A7C1}.Debug|Any CPU.ActiveCfg = Debug|Any CPU
		{E2C91C9B-F5B7-4E8A-98B8-2E0F5681A7C1}.Debug|Any CPU.Build.0 = Debug|Any CPU
		{E2C91C9B-F5B7-4E8A-98B8-2E0F5681A7C1}.Release|Any CPU.ActiveCfg = Release|Any CPU
		{E2C91C9B-F5B7-4E8A-98B8-2E0F5681A7C1}.Release|Any CPU.Build.0 = Release|Any CPU
		{C6B82726-7418-46CA-B88D-DAEC4EE0D85C}.Debug|Any CPU.ActiveCfg = Debug|Any CPU
		{C6B82726-7418-46CA-B88D-DAEC4EE0D85C}.Debug|Any CPU.Build.0 = Debug|Any CPU
		{C6B82726-7418-46CA-B88D-DAEC4EE0D85C}.Release|Any CPU.ActiveCfg = Release|Any CPU
		{C6B82726-7418-46CA-B88D-DAEC4EE0D85C}.Release|Any CPU.Build.0 = Release|Any CPU
		{4108ADC1-0D21-4FD1-AD45-96BCBFF7A6B1}.Debug|Any CPU.ActiveCfg = Debug|Any CPU
		{4108ADC1-0D21-4FD1-AD45-96BCBFF7A6B1}.Debug|Any CPU.Build.0 = Debug|Any CPU
		{4108ADC1-0D21-4FD1-AD45-96BCBFF7A6B1}.Release|Any CPU.ActiveCfg = Release|Any CPU
		{4108ADC1-0D21-4FD1-AD45-96BCBFF7A6B1}.Release|Any CPU.Build.0 = Release|Any CPU
		{EAAC7398-B5AB-4049-97A8-4D1F3E549803}.Debug|Any CPU.ActiveCfg = Debug|Any CPU
		{EAAC7398-B5AB-4049-97A8-4D1F3E549803}.Debug|Any CPU.Build.0 = Debug|Any CPU
		{EAAC7398-B5AB-4049-97A8-4D1F3E549803}.Release|Any CPU.ActiveCfg = Release|Any CPU
		{EAAC7398-B5AB-4049-97A8-4D1F3E549803}.Release|Any CPU.Build.0 = Release|Any CPU
		{D4AA451D-EA43-4E28-A4F2-36DCEF024304}.Debug|Any CPU.ActiveCfg = Debug|Any CPU
		{D4AA451D-EA43-4E28-A4F2-36DCEF024304}.Debug|Any CPU.Build.0 = Debug|Any CPU
		{D4AA451D-EA43-4E28-A4F2-36DCEF024304}.Release|Any CPU.ActiveCfg = Release|Any CPU
		{D4AA451D-EA43-4E28-A4F2-36DCEF024304}.Release|Any CPU.Build.0 = Release|Any CPU
		{868EF7FA-F6A5-4C89-9502-0951AEA177EF}.Debug|Any CPU.ActiveCfg = Debug|Any CPU
		{868EF7FA-F6A5-4C89-9502-0951AEA177EF}.Debug|Any CPU.Build.0 = Debug|Any CPU
		{868EF7FA-F6A5-4C89-9502-0951AEA177EF}.Release|Any CPU.ActiveCfg = Release|Any CPU
		{868EF7FA-F6A5-4C89-9502-0951AEA177EF}.Release|Any CPU.Build.0 = Release|Any CPU
		{4BD5FDE2-C073-4A04-9E40-F579CD7A62EA}.Debug|Any CPU.ActiveCfg = Debug|Any CPU
		{4BD5FDE2-C073-4A04-9E40-F579CD7A62EA}.Debug|Any CPU.Build.0 = Debug|Any CPU
		{4BD5FDE2-C073-4A04-9E40-F579CD7A62EA}.Release|Any CPU.ActiveCfg = Release|Any CPU
		{4BD5FDE2-C073-4A04-9E40-F579CD7A62EA}.Release|Any CPU.Build.0 = Release|Any CPU
		{5822FF2F-58FA-4534-8CD3-E2C998040AA5}.Debug|Any CPU.ActiveCfg = Debug|Any CPU
		{5822FF2F-58FA-4534-8CD3-E2C998040AA5}.Debug|Any CPU.Build.0 = Debug|Any CPU
		{5822FF2F-58FA-4534-8CD3-E2C998040AA5}.Release|Any CPU.ActiveCfg = Release|Any CPU
		{5822FF2F-58FA-4534-8CD3-E2C998040AA5}.Release|Any CPU.Build.0 = Release|Any CPU
		{2271AC82-4A6E-48A7-92BA-30777CC6A729}.Debug|Any CPU.ActiveCfg = Debug|Any CPU
		{2271AC82-4A6E-48A7-92BA-30777CC6A729}.Debug|Any CPU.Build.0 = Debug|Any CPU
		{2271AC82-4A6E-48A7-92BA-30777CC6A729}.Release|Any CPU.ActiveCfg = Release|Any CPU
		{2271AC82-4A6E-48A7-92BA-30777CC6A729}.Release|Any CPU.Build.0 = Release|Any CPU
		{1AA67445-961E-49E8-B129-B13252626DEF}.Debug|Any CPU.ActiveCfg = Debug|Any CPU
		{1AA67445-961E-49E8-B129-B13252626DEF}.Debug|Any CPU.Build.0 = Debug|Any CPU
		{1AA67445-961E-49E8-B129-B13252626DEF}.Release|Any CPU.ActiveCfg = Release|Any CPU
		{1AA67445-961E-49E8-B129-B13252626DEF}.Release|Any CPU.Build.0 = Release|Any CPU
		{BAEC7E82-E4FF-4813-B184-181F176A0BCD}.Debug|Any CPU.ActiveCfg = Debug|Any CPU
		{BAEC7E82-E4FF-4813-B184-181F176A0BCD}.Debug|Any CPU.Build.0 = Debug|Any CPU
		{BAEC7E82-E4FF-4813-B184-181F176A0BCD}.Release|Any CPU.ActiveCfg = Release|Any CPU
		{BAEC7E82-E4FF-4813-B184-181F176A0BCD}.Release|Any CPU.Build.0 = Release|Any CPU
		{42098077-A35D-4919-8EC9-413381FA134C}.Debug|Any CPU.ActiveCfg = Debug|Any CPU
		{42098077-A35D-4919-8EC9-413381FA134C}.Debug|Any CPU.Build.0 = Debug|Any CPU
		{42098077-A35D-4919-8EC9-413381FA134C}.Release|Any CPU.ActiveCfg = Release|Any CPU
		{42098077-A35D-4919-8EC9-413381FA134C}.Release|Any CPU.Build.0 = Release|Any CPU
	EndGlobalSection
	GlobalSection(SolutionProperties) = preSolution
		HideSolutionNode = FALSE
	EndGlobalSection
	GlobalSection(NestedProjects) = preSolution
		{28CD3890-6B5D-4AD8-A147-745A556F5858} = {EC87BD50-A80B-44EB-85C1-AF7FE490616B}
		{146B2972-6A2F-4AEA-A304-DA75536470F0} = {EC87BD50-A80B-44EB-85C1-AF7FE490616B}
		{E2C91C9B-F5B7-4E8A-98B8-2E0F5681A7C1} = {EC87BD50-A80B-44EB-85C1-AF7FE490616B}
		{EC87BD50-A80B-44EB-85C1-AF7FE490616B} = {7EEAEABF-EAC7-42A9-B2F2-3F91BE14EE22}
		{28175A2F-021A-4205-98DD-6C7C558801FA} = {7EEAEABF-EAC7-42A9-B2F2-3F91BE14EE22}
		{3DB92195-7434-44ED-B227-B9DFB46D36A8} = {7EEAEABF-EAC7-42A9-B2F2-3F91BE14EE22}
		{C6B82726-7418-46CA-B88D-DAEC4EE0D85C} = {28175A2F-021A-4205-98DD-6C7C558801FA}
		{4108ADC1-0D21-4FD1-AD45-96BCBFF7A6B1} = {28175A2F-021A-4205-98DD-6C7C558801FA}
		{000D90EC-2B4F-4345-BE3E-28868BEF3B36} = {7EEAEABF-EAC7-42A9-B2F2-3F91BE14EE22}
		{EAAC7398-B5AB-4049-97A8-4D1F3E549803} = {000D90EC-2B4F-4345-BE3E-28868BEF3B36}
		{D4AA451D-EA43-4E28-A4F2-36DCEF024304} = {3DB92195-7434-44ED-B227-B9DFB46D36A8}
		{868EF7FA-F6A5-4C89-9502-0951AEA177EF} = {3DB92195-7434-44ED-B227-B9DFB46D36A8}
		{4BD5FDE2-C073-4A04-9E40-F579CD7A62EA} = {3DB92195-7434-44ED-B227-B9DFB46D36A8}
		{5822FF2F-58FA-4534-8CD3-E2C998040AA5} = {3DB92195-7434-44ED-B227-B9DFB46D36A8}
		{2271AC82-4A6E-48A7-92BA-30777CC6A729} = {3DB92195-7434-44ED-B227-B9DFB46D36A8}
		{1AA67445-961E-49E8-B129-B13252626DEF} = {3DB92195-7434-44ED-B227-B9DFB46D36A8}
		{BAEC7E82-E4FF-4813-B184-181F176A0BCD} = {3DB92195-7434-44ED-B227-B9DFB46D36A8}
		{42098077-A35D-4919-8EC9-413381FA134C} = {3DB92195-7434-44ED-B227-B9DFB46D36A8}
	EndGlobalSection
	GlobalSection(ExtensibilityGlobals) = postSolution
		SolutionGuid = {6EF8104F-2663-4D52-B1AA-CA9E3AB5115F}
	EndGlobalSection
EndGlobal
